
Microsoft Visual Studio Solution File, Format Version 12.00
# Visual Studio Version 17
VisualStudioVersion = 17.6.33829.357
MinimumVisualStudioVersion = 10.0.40219.1
Project("{8BC9CEB8-8B4A-11D0-8D11-00A0C91BC942}") = "033", "033\033.vcxproj", "{127CDB2D-C43E-4D5B-88AE-E845737F4A7B}"
EndProject
Global
	GlobalSection(SolutionConfigurationPlatforms) = preSolution
		Debug|x64 = Debug|x64
		Debug|x86 = Debug|x86
		Release|x64 = Release|x64
		Release|x86 = Release|x86
	EndGlobalSection
	GlobalSection(ProjectConfigurationPlatforms) = postSolution
		{127CDB2D-C43E-4D5B-88AE-E845737F4A7B}.Debug|x64.ActiveCfg = Debug|x64
		{127CDB2D-C43E-4D5B-88AE-E845737F4A7B}.Debug|x64.Build.0 = Debug|x64
		{127CDB2D-C43E-4D5B-88AE-E845737F4A7B}.Debug|x86.ActiveCfg = Debug|Win32
		{127CDB2D-C43E-4D5B-88AE-E845737F4A7B}.Debug|x86.Build.0 = Debug|Win32
		{127CDB2D-C43E-4D5B-88AE-E845737F4A7B}.Release|x64.ActiveCfg = Release|x64
		{127CDB2D-C43E-4D5B-88AE-E845737F4A7B}.Release|x64.Build.0 = Release|x64
		{127CDB2D-C43E-4D5B-88AE-E845737F4A7B}.Release|x86.ActiveCfg = Release|Win32
		{127CDB2D-C43E-4D5B-88AE-E845737F4A7B}.Release|x86.Build.0 = Release|Win32
	EndGlobalSection
	GlobalSection(SolutionProperties) = preSolution
		HideSolutionNode = FALSE
	EndGlobalSection
	GlobalSection(ExtensibilityGlobals) = postSolution
		SolutionGuid = {6BB182A7-A1FC-4EB1-88D1-CBBAE7031E6E}
	EndGlobalSection
EndGlobal
